
Microsoft Visual Studio Solution File, Format Version 12.00
# Visual Studio Version 17
VisualStudioVersion = 17.11.35303.130
MinimumVisualStudioVersion = 10.0.40219.1
Project("{9A19103F-16F7-4668-BE54-9A1E7A4F7556}") = "Atin.Tests", "Atin.Tests\Atin.Tests.csproj", "{38956EEC-0F10-49D3-828B-3CC830B90132}"
EndProject
Project("{9A19103F-16F7-4668-BE54-9A1E7A4F7556}") = "Atin", "Atin\Atin.csproj", "{3B9DA9C0-E17F-445D-AF39-29AD27B62650}"
EndProject
Project("{2150E333-8FDC-42A3-9474-1A3956D46DE8}") = "ci", "ci", "{E510E8AB-1849-421D-B808-7768F4D9D6AB}"
	ProjectSection(SolutionItems) = preProject
		..\.github\workflows\build.yml = ..\.github\workflows\build.yml
		..\.github\workflows\clean-history.yml = ..\.github\workflows\clean-history.yml
		..\.github\workflows\lint-code.yml = ..\.github\workflows\lint-code.yml
		..\.github\workflows\lint-commit.yml = ..\.github\workflows\lint-commit.yml
		..\.github\workflows\release.yml = ..\.github\workflows\release.yml
	EndProjectSection
EndProject
Project("{2150E333-8FDC-42A3-9474-1A3956D46DE8}") = "doc", "doc", "{BCFDCDFF-B45D-4101-934A-A7E579BDC7B1}"
	ProjectSection(SolutionItems) = preProject
		..\readme.md = ..\readme.md
	EndProjectSection
EndProject
Global
	GlobalSection(SolutionConfigurationPlatforms) = preSolution
		Debug|Any CPU = Debug|Any CPU
		Release|Any CPU = Release|Any CPU
	EndGlobalSection
	GlobalSection(ProjectConfigurationPlatforms) = postSolution
		{38956EEC-0F10-49D3-828B-3CC830B90132}.Debug|Any CPU.ActiveCfg = Debug|Any CPU
		{38956EEC-0F10-49D3-828B-3CC830B90132}.Debug|Any CPU.Build.0 = Debug|Any CPU
		{38956EEC-0F10-49D3-828B-3CC830B90132}.Release|Any CPU.ActiveCfg = Release|Any CPU
		{38956EEC-0F10-49D3-828B-3CC830B90132}.Release|Any CPU.Build.0 = Release|Any CPU
		{3B9DA9C0-E17F-445D-AF39-29AD27B62650}.Debug|Any CPU.ActiveCfg = Debug|Any CPU
		{3B9DA9C0-E17F-445D-AF39-29AD27B62650}.Debug|Any CPU.Build.0 = Debug|Any CPU
		{3B9DA9C0-E17F-445D-AF39-29AD27B62650}.Release|Any CPU.ActiveCfg = Release|Any CPU
		{3B9DA9C0-E17F-445D-AF39-29AD27B62650}.Release|Any CPU.Build.0 = Release|Any CPU
	EndGlobalSection
	GlobalSection(SolutionProperties) = preSolution
		HideSolutionNode = FALSE
	EndGlobalSection
	GlobalSection(ExtensibilityGlobals) = postSolution
		SolutionGuid = {9C469B26-D090-4330-967B-DE82AC25F9D3}
	EndGlobalSection
EndGlobal
